[[package]]
category = "main"
description = ""
develop = true
name = "library"
optional = false
python-versions = "^3.8"
version = "0.1.0"

[package.source]
reference = ""
type = "directory"
url = "lib/library"

[metadata]
content-hash = "c1c5edb0dc5c91710944236da568efdde02b02b1880781858aef3f435f228e8d"
python-versions = "^3.8"

[metadata.files]
library = []
